
Microsoft Visual Studio Solution File, Format Version 12.00
# Visual Studio Version 17
VisualStudioVersion = 17.0.32002.185
MinimumVisualStudioVersion = 10.0.40219.1
Project("{9A19103F-16F7-4668-BE54-9A1E7A4F7556}") = "Structing.Core", "src\Structing.Core\Structing.Core.csproj", "{BDBC7528-22EF-4E19-810A-64B04C95810F}"
EndProject
Project("{2150E333-8FDC-42A3-9474-1A3956D46DE8}") = "test", "test", "{97CAD4A5-C9C7-4073-AB6E-7118DEAD3312}"
EndProject
Project("{9A19103F-16F7-4668-BE54-9A1E7A4F7556}") = "Structing.Core.Test", "test\Structing.Core.Test\Structing.Core.Test.csproj", "{00146CE9-E73D-4805-9502-729C69439E43}"
EndProject
Project("{9A19103F-16F7-4668-BE54-9A1E7A4F7556}") = "Structing", "src\Structing\Structing.csproj", "{60A066CD-989F-4C2C-9DA3-D2DA1A94B4BA}"
EndProject
Project("{9A19103F-16F7-4668-BE54-9A1E7A4F7556}") = "Structing.Test", "test\Structing.Test\Structing.Test.csproj", "{1CC04136-82EC-48BC-AD72-0C46D36E28B1}"
EndProject
Project("{9A19103F-16F7-4668-BE54-9A1E7A4F7556}") = "NullModule", "test\NullModule\NullModule.csproj", "{D4707DF7-1161-4891-A205-0F6BBE17B96F}"
EndProject
Project("{2150E333-8FDC-42A3-9474-1A3956D46DE8}") = "samples", "samples", "{2B3AE12C-2794-4B78-AEA5-973FF95ED158}"
EndProject
Project("{9A19103F-16F7-4668-BE54-9A1E7A4F7556}") = "Structing.Single.Sample", "samples\Structing.Single.Sample\Structing.Single.Sample.csproj", "{046519B6-4D7F-404F-B76C-77C5D4C19799}"
EndProject
Project("{9A19103F-16F7-4668-BE54-9A1E7A4F7556}") = "Structing.Outsize", "src\Structing.Outsize\Structing.Outsize.csproj", "{E26DE4BF-A670-408B-8278-C5B08061A25E}"
EndProject
Project("{9A19103F-16F7-4668-BE54-9A1E7A4F7556}") = "Structing.NetCore", "src\Structing.NetCore\Structing.NetCore.csproj", "{BF0BB456-7843-4122-ADD0-68CCB7CD5C82}"
EndProject
Project("{9A19103F-16F7-4668-BE54-9A1E7A4F7556}") = "Structing.Web", "src\Structing.Web\Structing.Web.csproj", "{24099937-883C-4B8A-8C27-D6251868C3B9}"
EndProject
Project("{9A19103F-16F7-4668-BE54-9A1E7A4F7556}") = "Structing.AspNetCore", "src\Structing.AspNetCore\Structing.AspNetCore.csproj", "{42D653C7-BEA0-4481-878B-18846BA6BDC8}"
EndProject
Project("{9A19103F-16F7-4668-BE54-9A1E7A4F7556}") = "Structing.Quartz", "src\Structing.Quartz\Structing.Quartz.csproj", "{DBF5CB75-5F3C-45ED-9841-21C1D46BB55F}"
EndProject
Project("{9A19103F-16F7-4668-BE54-9A1E7A4F7556}") = "Structing.Quartz.Sample", "samples\Structing.Quartz.Sample\Structing.Quartz.Sample.csproj", "{A930D230-6E28-411E-A0F9-4BCDD3ACBB86}"
EndProject
Project("{2150E333-8FDC-42A3-9474-1A3956D46DE8}") = "eng", "eng", "{A3896651-2C9A-456C-A361-4F94B137E947}"
	ProjectSection(SolutionItems) = preProject
		eng\nuget.props = eng\nuget.props
	EndProjectSection
EndProject
Global
	GlobalSection(SolutionConfigurationPlatforms) = preSolution
		Debug|Any CPU = Debug|Any CPU
		Debug|x64 = Debug|x64
		Debug|x86 = Debug|x86
		Release|Any CPU = Release|Any CPU
		Release|x64 = Release|x64
		Release|x86 = Release|x86
	EndGlobalSection
	GlobalSection(ProjectConfigurationPlatforms) = postSolution
		{BDBC7528-22EF-4E19-810A-64B04C95810F}.Debug|Any CPU.ActiveCfg = Debug|Any CPU
		{BDBC7528-22EF-4E19-810A-64B04C95810F}.Debug|Any CPU.Build.0 = Debug|Any CPU
		{BDBC7528-22EF-4E19-810A-64B04C95810F}.Debug|x64.ActiveCfg = Debug|Any CPU
		{BDBC7528-22EF-4E19-810A-64B04C95810F}.Debug|x64.Build.0 = Debug|Any CPU
		{BDBC7528-22EF-4E19-810A-64B04C95810F}.Debug|x86.ActiveCfg = Debug|Any CPU
		{BDBC7528-22EF-4E19-810A-64B04C95810F}.Debug|x86.Build.0 = Debug|Any CPU
		{BDBC7528-22EF-4E19-810A-64B04C95810F}.Release|Any CPU.ActiveCfg = Release|Any CPU
		{BDBC7528-22EF-4E19-810A-64B04C95810F}.Release|Any CPU.Build.0 = Release|Any CPU
		{BDBC7528-22EF-4E19-810A-64B04C95810F}.Release|x64.ActiveCfg = Release|Any CPU
		{BDBC7528-22EF-4E19-810A-64B04C95810F}.Release|x64.Build.0 = Release|Any CPU
		{BDBC7528-22EF-4E19-810A-64B04C95810F}.Release|x86.ActiveCfg = Release|Any CPU
		{BDBC7528-22EF-4E19-810A-64B04C95810F}.Release|x86.Build.0 = Release|Any CPU
		{00146CE9-E73D-4805-9502-729C69439E43}.Debug|Any CPU.ActiveCfg = Debug|Any CPU
		{00146CE9-E73D-4805-9502-729C69439E43}.Debug|Any CPU.Build.0 = Debug|Any CPU
		{00146CE9-E73D-4805-9502-729C69439E43}.Debug|x64.ActiveCfg = Debug|Any CPU
		{00146CE9-E73D-4805-9502-729C69439E43}.Debug|x64.Build.0 = Debug|Any CPU
		{00146CE9-E73D-4805-9502-729C69439E43}.Debug|x86.ActiveCfg = Debug|Any CPU
		{00146CE9-E73D-4805-9502-729C69439E43}.Debug|x86.Build.0 = Debug|Any CPU
		{00146CE9-E73D-4805-9502-729C69439E43}.Release|Any CPU.ActiveCfg = Release|Any CPU
		{00146CE9-E73D-4805-9502-729C69439E43}.Release|Any CPU.Build.0 = Release|Any CPU
		{00146CE9-E73D-4805-9502-729C69439E43}.Release|x64.ActiveCfg = Release|Any CPU
		{00146CE9-E73D-4805-9502-729C69439E43}.Release|x64.Build.0 = Release|Any CPU
		{00146CE9-E73D-4805-9502-729C69439E43}.Release|x86.ActiveCfg = Release|Any CPU
		{00146CE9-E73D-4805-9502-729C69439E43}.Release|x86.Build.0 = Release|Any CPU
		{60A066CD-989F-4C2C-9DA3-D2DA1A94B4BA}.Debug|Any CPU.ActiveCfg = Debug|Any CPU
		{60A066CD-989F-4C2C-9DA3-D2DA1A94B4BA}.Debug|Any CPU.Build.0 = Debug|Any CPU
		{60A066CD-989F-4C2C-9DA3-D2DA1A94B4BA}.Debug|x64.ActiveCfg = Debug|Any CPU
		{60A066CD-989F-4C2C-9DA3-D2DA1A94B4BA}.Debug|x64.Build.0 = Debug|Any CPU
		{60A066CD-989F-4C2C-9DA3-D2DA1A94B4BA}.Debug|x86.ActiveCfg = Debug|Any CPU
		{60A066CD-989F-4C2C-9DA3-D2DA1A94B4BA}.Debug|x86.Build.0 = Debug|Any CPU
		{60A066CD-989F-4C2C-9DA3-D2DA1A94B4BA}.Release|Any CPU.ActiveCfg = Release|Any CPU
		{60A066CD-989F-4C2C-9DA3-D2DA1A94B4BA}.Release|Any CPU.Build.0 = Release|Any CPU
		{60A066CD-989F-4C2C-9DA3-D2DA1A94B4BA}.Release|x64.ActiveCfg = Release|Any CPU
		{60A066CD-989F-4C2C-9DA3-D2DA1A94B4BA}.Release|x64.Build.0 = Release|Any CPU
		{60A066CD-989F-4C2C-9DA3-D2DA1A94B4BA}.Release|x86.ActiveCfg = Release|Any CPU
		{60A066CD-989F-4C2C-9DA3-D2DA1A94B4BA}.Release|x86.Build.0 = Release|Any CPU
		{1CC04136-82EC-48BC-AD72-0C46D36E28B1}.Debug|Any CPU.ActiveCfg = Debug|Any CPU
		{1CC04136-82EC-48BC-AD72-0C46D36E28B1}.Debug|Any CPU.Build.0 = Debug|Any CPU
		{1CC04136-82EC-48BC-AD72-0C46D36E28B1}.Debug|x64.ActiveCfg = Debug|Any CPU
		{1CC04136-82EC-48BC-AD72-0C46D36E28B1}.Debug|x64.Build.0 = Debug|Any CPU
		{1CC04136-82EC-48BC-AD72-0C46D36E28B1}.Debug|x86.ActiveCfg = Debug|Any CPU
		{1CC04136-82EC-48BC-AD72-0C46D36E28B1}.Debug|x86.Build.0 = Debug|Any CPU
		{1CC04136-82EC-48BC-AD72-0C46D36E28B1}.Release|Any CPU.ActiveCfg = Release|Any CPU
		{1CC04136-82EC-48BC-AD72-0C46D36E28B1}.Release|Any CPU.Build.0 = Release|Any CPU
		{1CC04136-82EC-48BC-AD72-0C46D36E28B1}.Release|x64.ActiveCfg = Release|Any CPU
		{1CC04136-82EC-48BC-AD72-0C46D36E28B1}.Release|x64.Build.0 = Release|Any CPU
		{1CC04136-82EC-48BC-AD72-0C46D36E28B1}.Release|x86.ActiveCfg = Release|Any CPU
		{1CC04136-82EC-48BC-AD72-0C46D36E28B1}.Release|x86.Build.0 = Release|Any CPU
		{D4707DF7-1161-4891-A205-0F6BBE17B96F}.Debug|Any CPU.ActiveCfg = Debug|Any CPU
		{D4707DF7-1161-4891-A205-0F6BBE17B96F}.Debug|Any CPU.Build.0 = Debug|Any CPU
		{D4707DF7-1161-4891-A205-0F6BBE17B96F}.Debug|x64.ActiveCfg = Debug|Any CPU
		{D4707DF7-1161-4891-A205-0F6BBE17B96F}.Debug|x64.Build.0 = Debug|Any CPU
		{D4707DF7-1161-4891-A205-0F6BBE17B96F}.Debug|x86.ActiveCfg = Debug|Any CPU
		{D4707DF7-1161-4891-A205-0F6BBE17B96F}.Debug|x86.Build.0 = Debug|Any CPU
		{D4707DF7-1161-4891-A205-0F6BBE17B96F}.Release|Any CPU.ActiveCfg = Release|Any CPU
		{D4707DF7-1161-4891-A205-0F6BBE17B96F}.Release|Any CPU.Build.0 = Release|Any CPU
		{D4707DF7-1161-4891-A205-0F6BBE17B96F}.Release|x64.ActiveCfg = Release|Any CPU
		{D4707DF7-1161-4891-A205-0F6BBE17B96F}.Release|x64.Build.0 = Release|Any CPU
		{D4707DF7-1161-4891-A205-0F6BBE17B96F}.Release|x86.ActiveCfg = Release|Any CPU
		{D4707DF7-1161-4891-A205-0F6BBE17B96F}.Release|x86.Build.0 = Release|Any CPU
		{046519B6-4D7F-404F-B76C-77C5D4C19799}.Debug|Any CPU.ActiveCfg = Debug|Any CPU
		{046519B6-4D7F-404F-B76C-77C5D4C19799}.Debug|Any CPU.Build.0 = Debug|Any CPU
		{046519B6-4D7F-404F-B76C-77C5D4C19799}.Debug|x64.ActiveCfg = Debug|Any CPU
		{046519B6-4D7F-404F-B76C-77C5D4C19799}.Debug|x64.Build.0 = Debug|Any CPU
		{046519B6-4D7F-404F-B76C-77C5D4C19799}.Debug|x86.ActiveCfg = Debug|Any CPU
		{046519B6-4D7F-404F-B76C-77C5D4C19799}.Debug|x86.Build.0 = Debug|Any CPU
		{046519B6-4D7F-404F-B76C-77C5D4C19799}.Release|Any CPU.ActiveCfg = Release|Any CPU
		{046519B6-4D7F-404F-B76C-77C5D4C19799}.Release|Any CPU.Build.0 = Release|Any CPU
		{046519B6-4D7F-404F-B76C-77C5D4C19799}.Release|x64.ActiveCfg = Release|Any CPU
		{046519B6-4D7F-404F-B76C-77C5D4C19799}.Release|x64.Build.0 = Release|Any CPU
		{046519B6-4D7F-404F-B76C-77C5D4C19799}.Release|x86.ActiveCfg = Release|Any CPU
		{046519B6-4D7F-404F-B76C-77C5D4C19799}.Release|x86.Build.0 = Release|Any CPU
		{E26DE4BF-A670-408B-8278-C5B08061A25E}.Debug|Any CPU.ActiveCfg = Debug|Any CPU
		{E26DE4BF-A670-408B-8278-C5B08061A25E}.Debug|Any CPU.Build.0 = Debug|Any CPU
		{E26DE4BF-A670-408B-8278-C5B08061A25E}.Debug|x64.ActiveCfg = Debug|Any CPU
		{E26DE4BF-A670-408B-8278-C5B08061A25E}.Debug|x64.Build.0 = Debug|Any CPU
		{E26DE4BF-A670-408B-8278-C5B08061A25E}.Debug|x86.ActiveCfg = Debug|Any CPU
		{E26DE4BF-A670-408B-8278-C5B08061A25E}.Debug|x86.Build.0 = Debug|Any CPU
		{E26DE4BF-A670-408B-8278-C5B08061A25E}.Release|Any CPU.ActiveCfg = Release|Any CPU
		{E26DE4BF-A670-408B-8278-C5B08061A25E}.Release|Any CPU.Build.0 = Release|Any CPU
		{E26DE4BF-A670-408B-8278-C5B08061A25E}.Release|x64.ActiveCfg = Release|Any CPU
		{E26DE4BF-A670-408B-8278-C5B08061A25E}.Release|x64.Build.0 = Release|Any CPU
		{E26DE4BF-A670-408B-8278-C5B08061A25E}.Release|x86.ActiveCfg = Release|Any CPU
		{E26DE4BF-A670-408B-8278-C5B08061A25E}.Release|x86.Build.0 = Release|Any CPU
		{BF0BB456-7843-4122-ADD0-68CCB7CD5C82}.Debug|Any CPU.ActiveCfg = Debug|Any CPU
		{BF0BB456-7843-4122-ADD0-68CCB7CD5C82}.Debug|Any CPU.Build.0 = Debug|Any CPU
		{BF0BB456-7843-4122-ADD0-68CCB7CD5C82}.Debug|x64.ActiveCfg = Debug|Any CPU
		{BF0BB456-7843-4122-ADD0-68CCB7CD5C82}.Debug|x64.Build.0 = Debug|Any CPU
		{BF0BB456-7843-4122-ADD0-68CCB7CD5C82}.Debug|x86.ActiveCfg = Debug|Any CPU
		{BF0BB456-7843-4122-ADD0-68CCB7CD5C82}.Debug|x86.Build.0 = Debug|Any CPU
		{BF0BB456-7843-4122-ADD0-68CCB7CD5C82}.Release|Any CPU.ActiveCfg = Release|Any CPU
		{BF0BB456-7843-4122-ADD0-68CCB7CD5C82}.Release|Any CPU.Build.0 = Release|Any CPU
		{BF0BB456-7843-4122-ADD0-68CCB7CD5C82}.Release|x64.ActiveCfg = Release|Any CPU
		{BF0BB456-7843-4122-ADD0-68CCB7CD5C82}.Release|x64.Build.0 = Release|Any CPU
		{BF0BB456-7843-4122-ADD0-68CCB7CD5C82}.Release|x86.ActiveCfg = Release|Any CPU
		{BF0BB456-7843-4122-ADD0-68CCB7CD5C82}.Release|x86.Build.0 = Release|Any CPU
		{24099937-883C-4B8A-8C27-D6251868C3B9}.Debug|Any CPU.ActiveCfg = Debug|Any CPU
		{24099937-883C-4B8A-8C27-D6251868C3B9}.Debug|Any CPU.Build.0 = Debug|Any CPU
		{24099937-883C-4B8A-8C27-D6251868C3B9}.Debug|x64.ActiveCfg = Debug|Any CPU
		{24099937-883C-4B8A-8C27-D6251868C3B9}.Debug|x64.Build.0 = Debug|Any CPU
		{24099937-883C-4B8A-8C27-D6251868C3B9}.Debug|x86.ActiveCfg = Debug|Any CPU
		{24099937-883C-4B8A-8C27-D6251868C3B9}.Debug|x86.Build.0 = Debug|Any CPU
		{24099937-883C-4B8A-8C27-D6251868C3B9}.Release|Any CPU.ActiveCfg = Release|Any CPU
		{24099937-883C-4B8A-8C27-D6251868C3B9}.Release|Any CPU.Build.0 = Release|Any CPU
		{24099937-883C-4B8A-8C27-D6251868C3B9}.Release|x64.ActiveCfg = Release|Any CPU
		{24099937-883C-4B8A-8C27-D6251868C3B9}.Release|x64.Build.0 = Release|Any CPU
		{24099937-883C-4B8A-8C27-D6251868C3B9}.Release|x86.ActiveCfg = Release|Any CPU
		{24099937-883C-4B8A-8C27-D6251868C3B9}.Release|x86.Build.0 = Release|Any CPU
		{42D653C7-BEA0-4481-878B-18846BA6BDC8}.Debug|Any CPU.ActiveCfg = Debug|Any CPU
		{42D653C7-BEA0-4481-878B-18846BA6BDC8}.Debug|Any CPU.Build.0 = Debug|Any CPU
		{42D653C7-BEA0-4481-878B-18846BA6BDC8}.Debug|x64.ActiveCfg = Debug|Any CPU
		{42D653C7-BEA0-4481-878B-18846BA6BDC8}.Debug|x64.Build.0 = Debug|Any CPU
		{42D653C7-BEA0-4481-878B-18846BA6BDC8}.Debug|x86.ActiveCfg = Debug|Any CPU
		{42D653C7-BEA0-4481-878B-18846BA6BDC8}.Debug|x86.Build.0 = Debug|Any CPU
		{42D653C7-BEA0-4481-878B-18846BA6BDC8}.Release|Any CPU.ActiveCfg = Release|Any CPU
		{42D653C7-BEA0-4481-878B-18846BA6BDC8}.Release|Any CPU.Build.0 = Release|Any CPU
		{42D653C7-BEA0-4481-878B-18846BA6BDC8}.Release|x64.ActiveCfg = Release|Any CPU
		{42D653C7-BEA0-4481-878B-18846BA6BDC8}.Release|x64.Build.0 = Release|Any CPU
		{42D653C7-BEA0-4481-878B-18846BA6BDC8}.Release|x86.ActiveCfg = Release|Any CPU
		{42D653C7-BEA0-4481-878B-18846BA6BDC8}.Release|x86.Build.0 = Release|Any CPU
		{DBF5CB75-5F3C-45ED-9841-21C1D46BB55F}.Debug|Any CPU.ActiveCfg = Debug|Any CPU
		{DBF5CB75-5F3C-45ED-9841-21C1D46BB55F}.Debug|Any CPU.Build.0 = Debug|Any CPU
		{DBF5CB75-5F3C-45ED-9841-21C1D46BB55F}.Debug|x64.ActiveCfg = Debug|Any CPU
		{DBF5CB75-5F3C-45ED-9841-21C1D46BB55F}.Debug|x64.Build.0 = Debug|Any CPU
		{DBF5CB75-5F3C-45ED-9841-21C1D46BB55F}.Debug|x86.ActiveCfg = Debug|Any CPU
		{DBF5CB75-5F3C-45ED-9841-21C1D46BB55F}.Debug|x86.Build.0 = Debug|Any CPU
		{DBF5CB75-5F3C-45ED-9841-21C1D46BB55F}.Release|Any CPU.ActiveCfg = Release|Any CPU
		{DBF5CB75-5F3C-45ED-9841-21C1D46BB55F}.Release|Any CPU.Build.0 = Release|Any CPU
		{DBF5CB75-5F3C-45ED-9841-21C1D46BB55F}.Release|x64.ActiveCfg = Release|Any CPU
		{DBF5CB75-5F3C-45ED-9841-21C1D46BB55F}.Release|x64.Build.0 = Release|Any CPU
		{DBF5CB75-5F3C-45ED-9841-21C1D46BB55F}.Release|x86.ActiveCfg = Release|Any CPU
		{DBF5CB75-5F3C-45ED-9841-21C1D46BB55F}.Release|x86.Build.0 = Release|Any CPU
		{A930D230-6E28-411E-A0F9-4BCDD3ACBB86}.Debug|Any CPU.ActiveCfg = Debug|Any CPU
		{A930D230-6E28-411E-A0F9-4BCDD3ACBB86}.Debug|Any CPU.Build.0 = Debug|Any CPU
		{A930D230-6E28-411E-A0F9-4BCDD3ACBB86}.Debug|x64.ActiveCfg = Debug|Any CPU
		{A930D230-6E28-411E-A0F9-4BCDD3ACBB86}.Debug|x64.Build.0 = Debug|Any CPU
		{A930D230-6E28-411E-A0F9-4BCDD3ACBB86}.Debug|x86.ActiveCfg = Debug|Any CPU
		{A930D230-6E28-411E-A0F9-4BCDD3ACBB86}.Debug|x86.Build.0 = Debug|Any CPU
		{A930D230-6E28-411E-A0F9-4BCDD3ACBB86}.Release|Any CPU.ActiveCfg = Release|Any CPU
		{A930D230-6E28-411E-A0F9-4BCDD3ACBB86}.Release|Any CPU.Build.0 = Release|Any CPU
		{A930D230-6E28-411E-A0F9-4BCDD3ACBB86}.Release|x64.ActiveCfg = Release|Any CPU
		{A930D230-6E28-411E-A0F9-4BCDD3ACBB86}.Release|x64.Build.0 = Release|Any CPU
		{A930D230-6E28-411E-A0F9-4BCDD3ACBB86}.Release|x86.ActiveCfg = Release|Any CPU
		{A930D230-6E28-411E-A0F9-4BCDD3ACBB86}.Release|x86.Build.0 = Release|Any CPU
	EndGlobalSection
	GlobalSection(SolutionProperties) = preSolution
		HideSolutionNode = FALSE
	EndGlobalSection
	GlobalSection(NestedProjects) = preSolution
		{00146CE9-E73D-4805-9502-729C69439E43} = {97CAD4A5-C9C7-4073-AB6E-7118DEAD3312}
		{1CC04136-82EC-48BC-AD72-0C46D36E28B1} = {97CAD4A5-C9C7-4073-AB6E-7118DEAD3312}
		{D4707DF7-1161-4891-A205-0F6BBE17B96F} = {97CAD4A5-C9C7-4073-AB6E-7118DEAD3312}
		{046519B6-4D7F-404F-B76C-77C5D4C19799} = {2B3AE12C-2794-4B78-AEA5-973FF95ED158}
		{A930D230-6E28-411E-A0F9-4BCDD3ACBB86} = {2B3AE12C-2794-4B78-AEA5-973FF95ED158}
	EndGlobalSection
	GlobalSection(ExtensibilityGlobals) = postSolution
		SolutionGuid = {F1DD639D-97CE-47F9-9AC6-B7138B56B1A1}
	EndGlobalSection
EndGlobal
