
Microsoft Visual Studio Solution File, Format Version 12.00
# Visual Studio Version 16
VisualStudioVersion = 16.0.30114.105
MinimumVisualStudioVersion = 10.0.40219.1
Project("{9A19103F-16F7-4668-BE54-9A1E7A4F7556}") = "Structing.Core", "src\Structing.Core\Structing.Core.csproj", "{BDBC7528-22EF-4E19-810A-64B04C95810F}"
EndProject
Global
	GlobalSection(SolutionConfigurationPlatforms) = preSolution
		Debug|Any CPU = Debug|Any CPU
		Debug|x64 = Debug|x64
		Debug|x86 = Debug|x86
		Release|Any CPU = Release|Any CPU
		Release|x64 = Release|x64
		Release|x86 = Release|x86
	EndGlobalSection
	GlobalSection(ProjectConfigurationPlatforms) = postSolution
		{BDBC7528-22EF-4E19-810A-64B04C95810F}.Debug|Any CPU.ActiveCfg = Debug|Any CPU
		{BDBC7528-22EF-4E19-810A-64B04C95810F}.Debug|Any CPU.Build.0 = Debug|Any CPU
		{BDBC7528-22EF-4E19-810A-64B04C95810F}.Debug|x64.ActiveCfg = Debug|Any CPU
		{BDBC7528-22EF-4E19-810A-64B04C95810F}.Debug|x64.Build.0 = Debug|Any CPU
		{BDBC7528-22EF-4E19-810A-64B04C95810F}.Debug|x86.ActiveCfg = Debug|Any CPU
		{BDBC7528-22EF-4E19-810A-64B04C95810F}.Debug|x86.Build.0 = Debug|Any CPU
		{BDBC7528-22EF-4E19-810A-64B04C95810F}.Release|Any CPU.ActiveCfg = Release|Any CPU
		{BDBC7528-22EF-4E19-810A-64B04C95810F}.Release|Any CPU.Build.0 = Release|Any CPU
		{BDBC7528-22EF-4E19-810A-64B04C95810F}.Release|x64.ActiveCfg = Release|Any CPU
		{BDBC7528-22EF-4E19-810A-64B04C95810F}.Release|x64.Build.0 = Release|Any CPU
		{BDBC7528-22EF-4E19-810A-64B04C95810F}.Release|x86.ActiveCfg = Release|Any CPU
		{BDBC7528-22EF-4E19-810A-64B04C95810F}.Release|x86.Build.0 = Release|Any CPU
	EndGlobalSection
	GlobalSection(SolutionProperties) = preSolution
		HideSolutionNode = FALSE
	EndGlobalSection
	GlobalSection(ExtensibilityGlobals) = postSolution
		SolutionGuid = {F1DD639D-97CE-47F9-9AC6-B7138B56B1A1}
	EndGlobalSection
EndGlobal
