
Microsoft Visual Studio Solution File, Format Version 12.00
# Visual Studio Version 17
VisualStudioVersion = 17.0.32002.185
MinimumVisualStudioVersion = 10.0.40219.1
Project("{9A19103F-16F7-4668-BE54-9A1E7A4F7556}") = "Structing.Core", "src\Structing.Core\Structing.Core.csproj", "{BDBC7528-22EF-4E19-810A-64B04C95810F}"
EndProject
Project("{2150E333-8FDC-42A3-9474-1A3956D46DE8}") = "test", "test", "{97CAD4A5-C9C7-4073-AB6E-7118DEAD3312}"
EndProject
Project("{9A19103F-16F7-4668-BE54-9A1E7A4F7556}") = "Structing.Core.Test", "test\Structing.Core.Test\Structing.Core.Test.csproj", "{00146CE9-E73D-4805-9502-729C69439E43}"
EndProject
Project("{9A19103F-16F7-4668-BE54-9A1E7A4F7556}") = "Structing", "src\Structing\Structing.csproj", "{60A066CD-989F-4C2C-9DA3-D2DA1A94B4BA}"
EndProject
Project("{9A19103F-16F7-4668-BE54-9A1E7A4F7556}") = "Structing.Test", "test\Structing.Test\Structing.Test.csproj", "{1CC04136-82EC-48BC-AD72-0C46D36E28B1}"
EndProject
Project("{9A19103F-16F7-4668-BE54-9A1E7A4F7556}") = "NullModule", "test\NullModule\NullModule.csproj", "{D4707DF7-1161-4891-A205-0F6BBE17B96F}"
EndProject
Project("{2150E333-8FDC-42A3-9474-1A3956D46DE8}") = "samples", "samples", "{2B3AE12C-2794-4B78-AEA5-973FF95ED158}"
EndProject
Project("{9A19103F-16F7-4668-BE54-9A1E7A4F7556}") = "Structing.Single.Sample", "samples\Structing.Single.Sample\Structing.Single.Sample.csproj", "{046519B6-4D7F-404F-B76C-77C5D4C19799}"
EndProject
Project("{9A19103F-16F7-4668-BE54-9A1E7A4F7556}") = "Structing.NetCore", "src\Structing.NetCore\Structing.NetCore.csproj", "{BF0BB456-7843-4122-ADD0-68CCB7CD5C82}"
EndProject
Project("{9A19103F-16F7-4668-BE54-9A1E7A4F7556}") = "Structing.AspNetCore", "src\Structing.AspNetCore\Structing.AspNetCore.csproj", "{42D653C7-BEA0-4481-878B-18846BA6BDC8}"
EndProject
Project("{9A19103F-16F7-4668-BE54-9A1E7A4F7556}") = "Structing.Quartz", "src\Structing.Quartz\Structing.Quartz.csproj", "{DBF5CB75-5F3C-45ED-9841-21C1D46BB55F}"
EndProject
Project("{9A19103F-16F7-4668-BE54-9A1E7A4F7556}") = "Structing.Quartz.Sample", "samples\Structing.Quartz.Sample\Structing.Quartz.Sample.csproj", "{A930D230-6E28-411E-A0F9-4BCDD3ACBB86}"
EndProject
Project("{2150E333-8FDC-42A3-9474-1A3956D46DE8}") = "eng", "eng", "{A3896651-2C9A-456C-A361-4F94B137E947}"
	ProjectSection(SolutionItems) = preProject
		eng\nuget.props = eng\nuget.props
	EndProjectSection
EndProject
Project("{9A19103F-16F7-4668-BE54-9A1E7A4F7556}") = "Structing.CodeGen", "src\Structing.CodeGen\Structing.CodeGen.csproj", "{DB975D9B-C3E6-4ECC-8369-91497046FE01}"
EndProject
Project("{9A19103F-16F7-4668-BE54-9A1E7A4F7556}") = "Structing.AspNetCore.Test", "test\Structing.AspNetCore.Test\Structing.AspNetCore.Test.csproj", "{F6491E19-7D3E-4A8F-B2C1-5D26750D5B57}"
EndProject
Project("{9A19103F-16F7-4668-BE54-9A1E7A4F7556}") = "Structing.AspNetCore.Sample", "samples\Structing.AspNetCore.Sample\Structing.AspNetCore.Sample.csproj", "{48E18374-5830-4D40-98DE-4A7EB89364D5}"
EndProject
Project("{2150E333-8FDC-42A3-9474-1A3956D46DE8}") = "HotReload", "HotReload", "{13BAFBB1-4EE9-4231-8599-15ACAA4FEDAB}"
EndProject
Project("{9A19103F-16F7-4668-BE54-9A1E7A4F7556}") = "Structing.HotReload.Host", "samples\HotReload\Structing.HotReload.Host\Structing.HotReload.Host.csproj", "{4D59DDBC-DB90-4BE1-B9BC-D2B654F83D36}"
EndProject
Project("{9A19103F-16F7-4668-BE54-9A1E7A4F7556}") = "Structing.HotReload.PluginA", "samples\HotReload\Structing.HotReload.PluginA\Structing.HotReload.PluginA.csproj", "{D15894F2-1A43-4FEF-8E02-27E7C7E2E71E}"
EndProject
Project("{9A19103F-16F7-4668-BE54-9A1E7A4F7556}") = "Structing.HotReload.Contract", "samples\HotReload\Structing.HotReload.Contract\Structing.HotReload.Contract.csproj", "{EC3C77C5-2CF1-47AC-804C-0B43F8E2179E}"
EndProject
Project("{9A19103F-16F7-4668-BE54-9A1E7A4F7556}") = "Structing.HotReload.PluginB", "samples\HotReload\Structing.HotReload.PluginB\Structing.HotReload.PluginB.csproj", "{3DEB30F7-58BB-47EC-BE75-44FB2F5C87C2}"
EndProject
Project("{9A19103F-16F7-4668-BE54-9A1E7A4F7556}") = "Structing.HotReload", "src\Structing.HotReload\Structing.HotReload.csproj", "{B25FC167-6DDF-4DF9-9570-BBA20B9E6C6F}"
EndProject
Project("{2150E333-8FDC-42A3-9474-1A3956D46DE8}") = "HotReloadWeb", "HotReloadWeb", "{87548C5C-4888-40EA-96D3-7FD77D4DFA17}"
EndProject
Project("{9A19103F-16F7-4668-BE54-9A1E7A4F7556}") = "Structing.HotReload.WebHost", "samples\WebHotReload\Structing.HotReload.WebHost\Structing.HotReload.WebHost.csproj", "{C276C4AB-F91A-45C4-BF43-AD3165167E9E}"
EndProject
Project("{9A19103F-16F7-4668-BE54-9A1E7A4F7556}") = "Structing.HotReload.Core", "samples\WebHotReload\Structing.HotReload.Core\Structing.HotReload.Core.csproj", "{9882B464-6683-45B1-B0B6-3020E24DD612}"
EndProject
Project("{9A19103F-16F7-4668-BE54-9A1E7A4F7556}") = "Structing.HotReload.School", "samples\WebHotReload\Structing.HotReload.School\Structing.HotReload.School.csproj", "{BCA2E533-9034-4B84-AEF2-A0FEFDFBC4F2}"
EndProject
Project("{FAE04EC0-301F-11D3-BF4B-00C04F79EFBC}") = "Structing.HotReload.Compiler", "samples\WebHotReload\Structing.HotReload.Compiler\Structing.HotReload.Compiler.csproj", "{C134C1B0-466F-4795-8424-6DCCA7BC6567}"
EndProject
Global
	GlobalSection(SolutionConfigurationPlatforms) = preSolution
		Debug|Any CPU = Debug|Any CPU
		Debug|x64 = Debug|x64
		Debug|x86 = Debug|x86
		Release|Any CPU = Release|Any CPU
		Release|x64 = Release|x64
		Release|x86 = Release|x86
	EndGlobalSection
	GlobalSection(ProjectConfigurationPlatforms) = postSolution
		{BDBC7528-22EF-4E19-810A-64B04C95810F}.Debug|Any CPU.ActiveCfg = Debug|Any CPU
		{BDBC7528-22EF-4E19-810A-64B04C95810F}.Debug|Any CPU.Build.0 = Debug|Any CPU
		{BDBC7528-22EF-4E19-810A-64B04C95810F}.Debug|x64.ActiveCfg = Debug|Any CPU
		{BDBC7528-22EF-4E19-810A-64B04C95810F}.Debug|x64.Build.0 = Debug|Any CPU
		{BDBC7528-22EF-4E19-810A-64B04C95810F}.Debug|x86.ActiveCfg = Debug|Any CPU
		{BDBC7528-22EF-4E19-810A-64B04C95810F}.Debug|x86.Build.0 = Debug|Any CPU
		{BDBC7528-22EF-4E19-810A-64B04C95810F}.Release|Any CPU.ActiveCfg = Release|Any CPU
		{BDBC7528-22EF-4E19-810A-64B04C95810F}.Release|Any CPU.Build.0 = Release|Any CPU
		{BDBC7528-22EF-4E19-810A-64B04C95810F}.Release|x64.ActiveCfg = Release|Any CPU
		{BDBC7528-22EF-4E19-810A-64B04C95810F}.Release|x64.Build.0 = Release|Any CPU
		{BDBC7528-22EF-4E19-810A-64B04C95810F}.Release|x86.ActiveCfg = Release|Any CPU
		{BDBC7528-22EF-4E19-810A-64B04C95810F}.Release|x86.Build.0 = Release|Any CPU
		{00146CE9-E73D-4805-9502-729C69439E43}.Debug|Any CPU.ActiveCfg = Debug|Any CPU
		{00146CE9-E73D-4805-9502-729C69439E43}.Debug|Any CPU.Build.0 = Debug|Any CPU
		{00146CE9-E73D-4805-9502-729C69439E43}.Debug|x64.ActiveCfg = Debug|Any CPU
		{00146CE9-E73D-4805-9502-729C69439E43}.Debug|x64.Build.0 = Debug|Any CPU
		{00146CE9-E73D-4805-9502-729C69439E43}.Debug|x86.ActiveCfg = Debug|Any CPU
		{00146CE9-E73D-4805-9502-729C69439E43}.Debug|x86.Build.0 = Debug|Any CPU
		{00146CE9-E73D-4805-9502-729C69439E43}.Release|Any CPU.ActiveCfg = Release|Any CPU
		{00146CE9-E73D-4805-9502-729C69439E43}.Release|Any CPU.Build.0 = Release|Any CPU
		{00146CE9-E73D-4805-9502-729C69439E43}.Release|x64.ActiveCfg = Release|Any CPU
		{00146CE9-E73D-4805-9502-729C69439E43}.Release|x64.Build.0 = Release|Any CPU
		{00146CE9-E73D-4805-9502-729C69439E43}.Release|x86.ActiveCfg = Release|Any CPU
		{00146CE9-E73D-4805-9502-729C69439E43}.Release|x86.Build.0 = Release|Any CPU
		{60A066CD-989F-4C2C-9DA3-D2DA1A94B4BA}.Debug|Any CPU.ActiveCfg = Debug|Any CPU
		{60A066CD-989F-4C2C-9DA3-D2DA1A94B4BA}.Debug|Any CPU.Build.0 = Debug|Any CPU
		{60A066CD-989F-4C2C-9DA3-D2DA1A94B4BA}.Debug|x64.ActiveCfg = Debug|Any CPU
		{60A066CD-989F-4C2C-9DA3-D2DA1A94B4BA}.Debug|x64.Build.0 = Debug|Any CPU
		{60A066CD-989F-4C2C-9DA3-D2DA1A94B4BA}.Debug|x86.ActiveCfg = Debug|Any CPU
		{60A066CD-989F-4C2C-9DA3-D2DA1A94B4BA}.Debug|x86.Build.0 = Debug|Any CPU
		{60A066CD-989F-4C2C-9DA3-D2DA1A94B4BA}.Release|Any CPU.ActiveCfg = Release|Any CPU
		{60A066CD-989F-4C2C-9DA3-D2DA1A94B4BA}.Release|Any CPU.Build.0 = Release|Any CPU
		{60A066CD-989F-4C2C-9DA3-D2DA1A94B4BA}.Release|x64.ActiveCfg = Release|Any CPU
		{60A066CD-989F-4C2C-9DA3-D2DA1A94B4BA}.Release|x64.Build.0 = Release|Any CPU
		{60A066CD-989F-4C2C-9DA3-D2DA1A94B4BA}.Release|x86.ActiveCfg = Release|Any CPU
		{60A066CD-989F-4C2C-9DA3-D2DA1A94B4BA}.Release|x86.Build.0 = Release|Any CPU
		{1CC04136-82EC-48BC-AD72-0C46D36E28B1}.Debug|Any CPU.ActiveCfg = Debug|Any CPU
		{1CC04136-82EC-48BC-AD72-0C46D36E28B1}.Debug|Any CPU.Build.0 = Debug|Any CPU
		{1CC04136-82EC-48BC-AD72-0C46D36E28B1}.Debug|x64.ActiveCfg = Debug|Any CPU
		{1CC04136-82EC-48BC-AD72-0C46D36E28B1}.Debug|x64.Build.0 = Debug|Any CPU
		{1CC04136-82EC-48BC-AD72-0C46D36E28B1}.Debug|x86.ActiveCfg = Debug|Any CPU
		{1CC04136-82EC-48BC-AD72-0C46D36E28B1}.Debug|x86.Build.0 = Debug|Any CPU
		{1CC04136-82EC-48BC-AD72-0C46D36E28B1}.Release|Any CPU.ActiveCfg = Release|Any CPU
		{1CC04136-82EC-48BC-AD72-0C46D36E28B1}.Release|Any CPU.Build.0 = Release|Any CPU
		{1CC04136-82EC-48BC-AD72-0C46D36E28B1}.Release|x64.ActiveCfg = Release|Any CPU
		{1CC04136-82EC-48BC-AD72-0C46D36E28B1}.Release|x64.Build.0 = Release|Any CPU
		{1CC04136-82EC-48BC-AD72-0C46D36E28B1}.Release|x86.ActiveCfg = Release|Any CPU
		{1CC04136-82EC-48BC-AD72-0C46D36E28B1}.Release|x86.Build.0 = Release|Any CPU
		{D4707DF7-1161-4891-A205-0F6BBE17B96F}.Debug|Any CPU.ActiveCfg = Debug|Any CPU
		{D4707DF7-1161-4891-A205-0F6BBE17B96F}.Debug|Any CPU.Build.0 = Debug|Any CPU
		{D4707DF7-1161-4891-A205-0F6BBE17B96F}.Debug|x64.ActiveCfg = Debug|Any CPU
		{D4707DF7-1161-4891-A205-0F6BBE17B96F}.Debug|x64.Build.0 = Debug|Any CPU
		{D4707DF7-1161-4891-A205-0F6BBE17B96F}.Debug|x86.ActiveCfg = Debug|Any CPU
		{D4707DF7-1161-4891-A205-0F6BBE17B96F}.Debug|x86.Build.0 = Debug|Any CPU
		{D4707DF7-1161-4891-A205-0F6BBE17B96F}.Release|Any CPU.ActiveCfg = Release|Any CPU
		{D4707DF7-1161-4891-A205-0F6BBE17B96F}.Release|Any CPU.Build.0 = Release|Any CPU
		{D4707DF7-1161-4891-A205-0F6BBE17B96F}.Release|x64.ActiveCfg = Release|Any CPU
		{D4707DF7-1161-4891-A205-0F6BBE17B96F}.Release|x64.Build.0 = Release|Any CPU
		{D4707DF7-1161-4891-A205-0F6BBE17B96F}.Release|x86.ActiveCfg = Release|Any CPU
		{D4707DF7-1161-4891-A205-0F6BBE17B96F}.Release|x86.Build.0 = Release|Any CPU
		{046519B6-4D7F-404F-B76C-77C5D4C19799}.Debug|Any CPU.ActiveCfg = Debug|Any CPU
		{046519B6-4D7F-404F-B76C-77C5D4C19799}.Debug|Any CPU.Build.0 = Debug|Any CPU
		{046519B6-4D7F-404F-B76C-77C5D4C19799}.Debug|x64.ActiveCfg = Debug|Any CPU
		{046519B6-4D7F-404F-B76C-77C5D4C19799}.Debug|x64.Build.0 = Debug|Any CPU
		{046519B6-4D7F-404F-B76C-77C5D4C19799}.Debug|x86.ActiveCfg = Debug|Any CPU
		{046519B6-4D7F-404F-B76C-77C5D4C19799}.Debug|x86.Build.0 = Debug|Any CPU
		{046519B6-4D7F-404F-B76C-77C5D4C19799}.Release|Any CPU.ActiveCfg = Release|Any CPU
		{046519B6-4D7F-404F-B76C-77C5D4C19799}.Release|Any CPU.Build.0 = Release|Any CPU
		{046519B6-4D7F-404F-B76C-77C5D4C19799}.Release|x64.ActiveCfg = Release|Any CPU
		{046519B6-4D7F-404F-B76C-77C5D4C19799}.Release|x64.Build.0 = Release|Any CPU
		{046519B6-4D7F-404F-B76C-77C5D4C19799}.Release|x86.ActiveCfg = Release|Any CPU
		{046519B6-4D7F-404F-B76C-77C5D4C19799}.Release|x86.Build.0 = Release|Any CPU
		{BF0BB456-7843-4122-ADD0-68CCB7CD5C82}.Debug|Any CPU.ActiveCfg = Debug|Any CPU
		{BF0BB456-7843-4122-ADD0-68CCB7CD5C82}.Debug|Any CPU.Build.0 = Debug|Any CPU
		{BF0BB456-7843-4122-ADD0-68CCB7CD5C82}.Debug|x64.ActiveCfg = Debug|Any CPU
		{BF0BB456-7843-4122-ADD0-68CCB7CD5C82}.Debug|x64.Build.0 = Debug|Any CPU
		{BF0BB456-7843-4122-ADD0-68CCB7CD5C82}.Debug|x86.ActiveCfg = Debug|Any CPU
		{BF0BB456-7843-4122-ADD0-68CCB7CD5C82}.Debug|x86.Build.0 = Debug|Any CPU
		{BF0BB456-7843-4122-ADD0-68CCB7CD5C82}.Release|Any CPU.ActiveCfg = Release|Any CPU
		{BF0BB456-7843-4122-ADD0-68CCB7CD5C82}.Release|Any CPU.Build.0 = Release|Any CPU
		{BF0BB456-7843-4122-ADD0-68CCB7CD5C82}.Release|x64.ActiveCfg = Release|Any CPU
		{BF0BB456-7843-4122-ADD0-68CCB7CD5C82}.Release|x64.Build.0 = Release|Any CPU
		{BF0BB456-7843-4122-ADD0-68CCB7CD5C82}.Release|x86.ActiveCfg = Release|Any CPU
		{BF0BB456-7843-4122-ADD0-68CCB7CD5C82}.Release|x86.Build.0 = Release|Any CPU
		{42D653C7-BEA0-4481-878B-18846BA6BDC8}.Debug|Any CPU.ActiveCfg = Debug|Any CPU
		{42D653C7-BEA0-4481-878B-18846BA6BDC8}.Debug|Any CPU.Build.0 = Debug|Any CPU
		{42D653C7-BEA0-4481-878B-18846BA6BDC8}.Debug|x64.ActiveCfg = Debug|Any CPU
		{42D653C7-BEA0-4481-878B-18846BA6BDC8}.Debug|x64.Build.0 = Debug|Any CPU
		{42D653C7-BEA0-4481-878B-18846BA6BDC8}.Debug|x86.ActiveCfg = Debug|Any CPU
		{42D653C7-BEA0-4481-878B-18846BA6BDC8}.Debug|x86.Build.0 = Debug|Any CPU
		{42D653C7-BEA0-4481-878B-18846BA6BDC8}.Release|Any CPU.ActiveCfg = Release|Any CPU
		{42D653C7-BEA0-4481-878B-18846BA6BDC8}.Release|Any CPU.Build.0 = Release|Any CPU
		{42D653C7-BEA0-4481-878B-18846BA6BDC8}.Release|x64.ActiveCfg = Release|Any CPU
		{42D653C7-BEA0-4481-878B-18846BA6BDC8}.Release|x64.Build.0 = Release|Any CPU
		{42D653C7-BEA0-4481-878B-18846BA6BDC8}.Release|x86.ActiveCfg = Release|Any CPU
		{42D653C7-BEA0-4481-878B-18846BA6BDC8}.Release|x86.Build.0 = Release|Any CPU
		{DBF5CB75-5F3C-45ED-9841-21C1D46BB55F}.Debug|Any CPU.ActiveCfg = Debug|Any CPU
		{DBF5CB75-5F3C-45ED-9841-21C1D46BB55F}.Debug|Any CPU.Build.0 = Debug|Any CPU
		{DBF5CB75-5F3C-45ED-9841-21C1D46BB55F}.Debug|x64.ActiveCfg = Debug|Any CPU
		{DBF5CB75-5F3C-45ED-9841-21C1D46BB55F}.Debug|x64.Build.0 = Debug|Any CPU
		{DBF5CB75-5F3C-45ED-9841-21C1D46BB55F}.Debug|x86.ActiveCfg = Debug|Any CPU
		{DBF5CB75-5F3C-45ED-9841-21C1D46BB55F}.Debug|x86.Build.0 = Debug|Any CPU
		{DBF5CB75-5F3C-45ED-9841-21C1D46BB55F}.Release|Any CPU.ActiveCfg = Release|Any CPU
		{DBF5CB75-5F3C-45ED-9841-21C1D46BB55F}.Release|Any CPU.Build.0 = Release|Any CPU
		{DBF5CB75-5F3C-45ED-9841-21C1D46BB55F}.Release|x64.ActiveCfg = Release|Any CPU
		{DBF5CB75-5F3C-45ED-9841-21C1D46BB55F}.Release|x64.Build.0 = Release|Any CPU
		{DBF5CB75-5F3C-45ED-9841-21C1D46BB55F}.Release|x86.ActiveCfg = Release|Any CPU
		{DBF5CB75-5F3C-45ED-9841-21C1D46BB55F}.Release|x86.Build.0 = Release|Any CPU
		{A930D230-6E28-411E-A0F9-4BCDD3ACBB86}.Debug|Any CPU.ActiveCfg = Debug|Any CPU
		{A930D230-6E28-411E-A0F9-4BCDD3ACBB86}.Debug|Any CPU.Build.0 = Debug|Any CPU
		{A930D230-6E28-411E-A0F9-4BCDD3ACBB86}.Debug|x64.ActiveCfg = Debug|Any CPU
		{A930D230-6E28-411E-A0F9-4BCDD3ACBB86}.Debug|x64.Build.0 = Debug|Any CPU
		{A930D230-6E28-411E-A0F9-4BCDD3ACBB86}.Debug|x86.ActiveCfg = Debug|Any CPU
		{A930D230-6E28-411E-A0F9-4BCDD3ACBB86}.Debug|x86.Build.0 = Debug|Any CPU
		{A930D230-6E28-411E-A0F9-4BCDD3ACBB86}.Release|Any CPU.ActiveCfg = Release|Any CPU
		{A930D230-6E28-411E-A0F9-4BCDD3ACBB86}.Release|Any CPU.Build.0 = Release|Any CPU
		{A930D230-6E28-411E-A0F9-4BCDD3ACBB86}.Release|x64.ActiveCfg = Release|Any CPU
		{A930D230-6E28-411E-A0F9-4BCDD3ACBB86}.Release|x64.Build.0 = Release|Any CPU
		{A930D230-6E28-411E-A0F9-4BCDD3ACBB86}.Release|x86.ActiveCfg = Release|Any CPU
		{A930D230-6E28-411E-A0F9-4BCDD3ACBB86}.Release|x86.Build.0 = Release|Any CPU
		{DB975D9B-C3E6-4ECC-8369-91497046FE01}.Debug|Any CPU.ActiveCfg = Debug|Any CPU
		{DB975D9B-C3E6-4ECC-8369-91497046FE01}.Debug|Any CPU.Build.0 = Debug|Any CPU
		{DB975D9B-C3E6-4ECC-8369-91497046FE01}.Debug|x64.ActiveCfg = Debug|Any CPU
		{DB975D9B-C3E6-4ECC-8369-91497046FE01}.Debug|x64.Build.0 = Debug|Any CPU
		{DB975D9B-C3E6-4ECC-8369-91497046FE01}.Debug|x86.ActiveCfg = Debug|Any CPU
		{DB975D9B-C3E6-4ECC-8369-91497046FE01}.Debug|x86.Build.0 = Debug|Any CPU
		{DB975D9B-C3E6-4ECC-8369-91497046FE01}.Release|Any CPU.ActiveCfg = Release|Any CPU
		{DB975D9B-C3E6-4ECC-8369-91497046FE01}.Release|Any CPU.Build.0 = Release|Any CPU
		{DB975D9B-C3E6-4ECC-8369-91497046FE01}.Release|x64.ActiveCfg = Release|Any CPU
		{DB975D9B-C3E6-4ECC-8369-91497046FE01}.Release|x64.Build.0 = Release|Any CPU
		{DB975D9B-C3E6-4ECC-8369-91497046FE01}.Release|x86.ActiveCfg = Release|Any CPU
		{DB975D9B-C3E6-4ECC-8369-91497046FE01}.Release|x86.Build.0 = Release|Any CPU
		{F6491E19-7D3E-4A8F-B2C1-5D26750D5B57}.Debug|Any CPU.ActiveCfg = Debug|Any CPU
		{F6491E19-7D3E-4A8F-B2C1-5D26750D5B57}.Debug|Any CPU.Build.0 = Debug|Any CPU
		{F6491E19-7D3E-4A8F-B2C1-5D26750D5B57}.Debug|x64.ActiveCfg = Debug|Any CPU
		{F6491E19-7D3E-4A8F-B2C1-5D26750D5B57}.Debug|x64.Build.0 = Debug|Any CPU
		{F6491E19-7D3E-4A8F-B2C1-5D26750D5B57}.Debug|x86.ActiveCfg = Debug|Any CPU
		{F6491E19-7D3E-4A8F-B2C1-5D26750D5B57}.Debug|x86.Build.0 = Debug|Any CPU
		{F6491E19-7D3E-4A8F-B2C1-5D26750D5B57}.Release|Any CPU.ActiveCfg = Release|Any CPU
		{F6491E19-7D3E-4A8F-B2C1-5D26750D5B57}.Release|Any CPU.Build.0 = Release|Any CPU
		{F6491E19-7D3E-4A8F-B2C1-5D26750D5B57}.Release|x64.ActiveCfg = Release|Any CPU
		{F6491E19-7D3E-4A8F-B2C1-5D26750D5B57}.Release|x64.Build.0 = Release|Any CPU
		{F6491E19-7D3E-4A8F-B2C1-5D26750D5B57}.Release|x86.ActiveCfg = Release|Any CPU
		{F6491E19-7D3E-4A8F-B2C1-5D26750D5B57}.Release|x86.Build.0 = Release|Any CPU
		{48E18374-5830-4D40-98DE-4A7EB89364D5}.Debug|Any CPU.ActiveCfg = Debug|Any CPU
		{48E18374-5830-4D40-98DE-4A7EB89364D5}.Debug|Any CPU.Build.0 = Debug|Any CPU
		{48E18374-5830-4D40-98DE-4A7EB89364D5}.Debug|x64.ActiveCfg = Debug|Any CPU
		{48E18374-5830-4D40-98DE-4A7EB89364D5}.Debug|x64.Build.0 = Debug|Any CPU
		{48E18374-5830-4D40-98DE-4A7EB89364D5}.Debug|x86.ActiveCfg = Debug|Any CPU
		{48E18374-5830-4D40-98DE-4A7EB89364D5}.Debug|x86.Build.0 = Debug|Any CPU
		{48E18374-5830-4D40-98DE-4A7EB89364D5}.Release|Any CPU.ActiveCfg = Release|Any CPU
		{48E18374-5830-4D40-98DE-4A7EB89364D5}.Release|Any CPU.Build.0 = Release|Any CPU
		{48E18374-5830-4D40-98DE-4A7EB89364D5}.Release|x64.ActiveCfg = Release|Any CPU
		{48E18374-5830-4D40-98DE-4A7EB89364D5}.Release|x64.Build.0 = Release|Any CPU
		{48E18374-5830-4D40-98DE-4A7EB89364D5}.Release|x86.ActiveCfg = Release|Any CPU
		{48E18374-5830-4D40-98DE-4A7EB89364D5}.Release|x86.Build.0 = Release|Any CPU
		{4D59DDBC-DB90-4BE1-B9BC-D2B654F83D36}.Debug|Any CPU.ActiveCfg = Debug|Any CPU
		{4D59DDBC-DB90-4BE1-B9BC-D2B654F83D36}.Debug|Any CPU.Build.0 = Debug|Any CPU
		{4D59DDBC-DB90-4BE1-B9BC-D2B654F83D36}.Debug|x64.ActiveCfg = Debug|Any CPU
		{4D59DDBC-DB90-4BE1-B9BC-D2B654F83D36}.Debug|x64.Build.0 = Debug|Any CPU
		{4D59DDBC-DB90-4BE1-B9BC-D2B654F83D36}.Debug|x86.ActiveCfg = Debug|Any CPU
		{4D59DDBC-DB90-4BE1-B9BC-D2B654F83D36}.Debug|x86.Build.0 = Debug|Any CPU
		{4D59DDBC-DB90-4BE1-B9BC-D2B654F83D36}.Release|Any CPU.ActiveCfg = Release|Any CPU
		{4D59DDBC-DB90-4BE1-B9BC-D2B654F83D36}.Release|Any CPU.Build.0 = Release|Any CPU
		{4D59DDBC-DB90-4BE1-B9BC-D2B654F83D36}.Release|x64.ActiveCfg = Release|Any CPU
		{4D59DDBC-DB90-4BE1-B9BC-D2B654F83D36}.Release|x64.Build.0 = Release|Any CPU
		{4D59DDBC-DB90-4BE1-B9BC-D2B654F83D36}.Release|x86.ActiveCfg = Release|Any CPU
		{4D59DDBC-DB90-4BE1-B9BC-D2B654F83D36}.Release|x86.Build.0 = Release|Any CPU
		{D15894F2-1A43-4FEF-8E02-27E7C7E2E71E}.Debug|Any CPU.ActiveCfg = Debug|Any CPU
		{D15894F2-1A43-4FEF-8E02-27E7C7E2E71E}.Debug|Any CPU.Build.0 = Debug|Any CPU
		{D15894F2-1A43-4FEF-8E02-27E7C7E2E71E}.Debug|x64.ActiveCfg = Debug|Any CPU
		{D15894F2-1A43-4FEF-8E02-27E7C7E2E71E}.Debug|x64.Build.0 = Debug|Any CPU
		{D15894F2-1A43-4FEF-8E02-27E7C7E2E71E}.Debug|x86.ActiveCfg = Debug|Any CPU
		{D15894F2-1A43-4FEF-8E02-27E7C7E2E71E}.Debug|x86.Build.0 = Debug|Any CPU
		{D15894F2-1A43-4FEF-8E02-27E7C7E2E71E}.Release|Any CPU.ActiveCfg = Release|Any CPU
		{D15894F2-1A43-4FEF-8E02-27E7C7E2E71E}.Release|Any CPU.Build.0 = Release|Any CPU
		{D15894F2-1A43-4FEF-8E02-27E7C7E2E71E}.Release|x64.ActiveCfg = Release|Any CPU
		{D15894F2-1A43-4FEF-8E02-27E7C7E2E71E}.Release|x64.Build.0 = Release|Any CPU
		{D15894F2-1A43-4FEF-8E02-27E7C7E2E71E}.Release|x86.ActiveCfg = Release|Any CPU
		{D15894F2-1A43-4FEF-8E02-27E7C7E2E71E}.Release|x86.Build.0 = Release|Any CPU
		{EC3C77C5-2CF1-47AC-804C-0B43F8E2179E}.Debug|Any CPU.ActiveCfg = Debug|Any CPU
		{EC3C77C5-2CF1-47AC-804C-0B43F8E2179E}.Debug|Any CPU.Build.0 = Debug|Any CPU
		{EC3C77C5-2CF1-47AC-804C-0B43F8E2179E}.Debug|x64.ActiveCfg = Debug|Any CPU
		{EC3C77C5-2CF1-47AC-804C-0B43F8E2179E}.Debug|x64.Build.0 = Debug|Any CPU
		{EC3C77C5-2CF1-47AC-804C-0B43F8E2179E}.Debug|x86.ActiveCfg = Debug|Any CPU
		{EC3C77C5-2CF1-47AC-804C-0B43F8E2179E}.Debug|x86.Build.0 = Debug|Any CPU
		{EC3C77C5-2CF1-47AC-804C-0B43F8E2179E}.Release|Any CPU.ActiveCfg = Release|Any CPU
		{EC3C77C5-2CF1-47AC-804C-0B43F8E2179E}.Release|Any CPU.Build.0 = Release|Any CPU
		{EC3C77C5-2CF1-47AC-804C-0B43F8E2179E}.Release|x64.ActiveCfg = Release|Any CPU
		{EC3C77C5-2CF1-47AC-804C-0B43F8E2179E}.Release|x64.Build.0 = Release|Any CPU
		{EC3C77C5-2CF1-47AC-804C-0B43F8E2179E}.Release|x86.ActiveCfg = Release|Any CPU
		{EC3C77C5-2CF1-47AC-804C-0B43F8E2179E}.Release|x86.Build.0 = Release|Any CPU
		{3DEB30F7-58BB-47EC-BE75-44FB2F5C87C2}.Debug|Any CPU.ActiveCfg = Debug|Any CPU
		{3DEB30F7-58BB-47EC-BE75-44FB2F5C87C2}.Debug|Any CPU.Build.0 = Debug|Any CPU
		{3DEB30F7-58BB-47EC-BE75-44FB2F5C87C2}.Debug|x64.ActiveCfg = Debug|Any CPU
		{3DEB30F7-58BB-47EC-BE75-44FB2F5C87C2}.Debug|x64.Build.0 = Debug|Any CPU
		{3DEB30F7-58BB-47EC-BE75-44FB2F5C87C2}.Debug|x86.ActiveCfg = Debug|Any CPU
		{3DEB30F7-58BB-47EC-BE75-44FB2F5C87C2}.Debug|x86.Build.0 = Debug|Any CPU
		{3DEB30F7-58BB-47EC-BE75-44FB2F5C87C2}.Release|Any CPU.ActiveCfg = Release|Any CPU
		{3DEB30F7-58BB-47EC-BE75-44FB2F5C87C2}.Release|Any CPU.Build.0 = Release|Any CPU
		{3DEB30F7-58BB-47EC-BE75-44FB2F5C87C2}.Release|x64.ActiveCfg = Release|Any CPU
		{3DEB30F7-58BB-47EC-BE75-44FB2F5C87C2}.Release|x64.Build.0 = Release|Any CPU
		{3DEB30F7-58BB-47EC-BE75-44FB2F5C87C2}.Release|x86.ActiveCfg = Release|Any CPU
		{3DEB30F7-58BB-47EC-BE75-44FB2F5C87C2}.Release|x86.Build.0 = Release|Any CPU
		{B25FC167-6DDF-4DF9-9570-BBA20B9E6C6F}.Debug|Any CPU.ActiveCfg = Debug|Any CPU
		{B25FC167-6DDF-4DF9-9570-BBA20B9E6C6F}.Debug|Any CPU.Build.0 = Debug|Any CPU
		{B25FC167-6DDF-4DF9-9570-BBA20B9E6C6F}.Debug|x64.ActiveCfg = Debug|Any CPU
		{B25FC167-6DDF-4DF9-9570-BBA20B9E6C6F}.Debug|x64.Build.0 = Debug|Any CPU
		{B25FC167-6DDF-4DF9-9570-BBA20B9E6C6F}.Debug|x86.ActiveCfg = Debug|Any CPU
		{B25FC167-6DDF-4DF9-9570-BBA20B9E6C6F}.Debug|x86.Build.0 = Debug|Any CPU
		{B25FC167-6DDF-4DF9-9570-BBA20B9E6C6F}.Release|Any CPU.ActiveCfg = Release|Any CPU
		{B25FC167-6DDF-4DF9-9570-BBA20B9E6C6F}.Release|Any CPU.Build.0 = Release|Any CPU
		{B25FC167-6DDF-4DF9-9570-BBA20B9E6C6F}.Release|x64.ActiveCfg = Release|Any CPU
		{B25FC167-6DDF-4DF9-9570-BBA20B9E6C6F}.Release|x64.Build.0 = Release|Any CPU
		{B25FC167-6DDF-4DF9-9570-BBA20B9E6C6F}.Release|x86.ActiveCfg = Release|Any CPU
		{B25FC167-6DDF-4DF9-9570-BBA20B9E6C6F}.Release|x86.Build.0 = Release|Any CPU
		{C276C4AB-F91A-45C4-BF43-AD3165167E9E}.Debug|Any CPU.ActiveCfg = Debug|Any CPU
		{C276C4AB-F91A-45C4-BF43-AD3165167E9E}.Debug|Any CPU.Build.0 = Debug|Any CPU
		{C276C4AB-F91A-45C4-BF43-AD3165167E9E}.Debug|x64.ActiveCfg = Debug|Any CPU
		{C276C4AB-F91A-45C4-BF43-AD3165167E9E}.Debug|x64.Build.0 = Debug|Any CPU
		{C276C4AB-F91A-45C4-BF43-AD3165167E9E}.Debug|x86.ActiveCfg = Debug|Any CPU
		{C276C4AB-F91A-45C4-BF43-AD3165167E9E}.Debug|x86.Build.0 = Debug|Any CPU
		{C276C4AB-F91A-45C4-BF43-AD3165167E9E}.Release|Any CPU.ActiveCfg = Release|Any CPU
		{C276C4AB-F91A-45C4-BF43-AD3165167E9E}.Release|Any CPU.Build.0 = Release|Any CPU
		{C276C4AB-F91A-45C4-BF43-AD3165167E9E}.Release|x64.ActiveCfg = Release|Any CPU
		{C276C4AB-F91A-45C4-BF43-AD3165167E9E}.Release|x64.Build.0 = Release|Any CPU
		{C276C4AB-F91A-45C4-BF43-AD3165167E9E}.Release|x86.ActiveCfg = Release|Any CPU
		{C276C4AB-F91A-45C4-BF43-AD3165167E9E}.Release|x86.Build.0 = Release|Any CPU
		{9882B464-6683-45B1-B0B6-3020E24DD612}.Debug|Any CPU.ActiveCfg = Debug|Any CPU
		{9882B464-6683-45B1-B0B6-3020E24DD612}.Debug|Any CPU.Build.0 = Debug|Any CPU
		{9882B464-6683-45B1-B0B6-3020E24DD612}.Debug|x64.ActiveCfg = Debug|Any CPU
		{9882B464-6683-45B1-B0B6-3020E24DD612}.Debug|x64.Build.0 = Debug|Any CPU
		{9882B464-6683-45B1-B0B6-3020E24DD612}.Debug|x86.ActiveCfg = Debug|Any CPU
		{9882B464-6683-45B1-B0B6-3020E24DD612}.Debug|x86.Build.0 = Debug|Any CPU
		{9882B464-6683-45B1-B0B6-3020E24DD612}.Release|Any CPU.ActiveCfg = Release|Any CPU
		{9882B464-6683-45B1-B0B6-3020E24DD612}.Release|Any CPU.Build.0 = Release|Any CPU
		{9882B464-6683-45B1-B0B6-3020E24DD612}.Release|x64.ActiveCfg = Release|Any CPU
		{9882B464-6683-45B1-B0B6-3020E24DD612}.Release|x64.Build.0 = Release|Any CPU
		{9882B464-6683-45B1-B0B6-3020E24DD612}.Release|x86.ActiveCfg = Release|Any CPU
		{9882B464-6683-45B1-B0B6-3020E24DD612}.Release|x86.Build.0 = Release|Any CPU
		{BCA2E533-9034-4B84-AEF2-A0FEFDFBC4F2}.Debug|Any CPU.ActiveCfg = Debug|Any CPU
		{BCA2E533-9034-4B84-AEF2-A0FEFDFBC4F2}.Debug|Any CPU.Build.0 = Debug|Any CPU
		{BCA2E533-9034-4B84-AEF2-A0FEFDFBC4F2}.Debug|x64.ActiveCfg = Debug|Any CPU
		{BCA2E533-9034-4B84-AEF2-A0FEFDFBC4F2}.Debug|x64.Build.0 = Debug|Any CPU
		{BCA2E533-9034-4B84-AEF2-A0FEFDFBC4F2}.Debug|x86.ActiveCfg = Debug|Any CPU
		{BCA2E533-9034-4B84-AEF2-A0FEFDFBC4F2}.Debug|x86.Build.0 = Debug|Any CPU
		{BCA2E533-9034-4B84-AEF2-A0FEFDFBC4F2}.Release|Any CPU.ActiveCfg = Release|Any CPU
		{BCA2E533-9034-4B84-AEF2-A0FEFDFBC4F2}.Release|Any CPU.Build.0 = Release|Any CPU
		{BCA2E533-9034-4B84-AEF2-A0FEFDFBC4F2}.Release|x64.ActiveCfg = Release|Any CPU
		{BCA2E533-9034-4B84-AEF2-A0FEFDFBC4F2}.Release|x64.Build.0 = Release|Any CPU
		{BCA2E533-9034-4B84-AEF2-A0FEFDFBC4F2}.Release|x86.ActiveCfg = Release|Any CPU
		{BCA2E533-9034-4B84-AEF2-A0FEFDFBC4F2}.Release|x86.Build.0 = Release|Any CPU
		{C134C1B0-466F-4795-8424-6DCCA7BC6567}.Debug|Any CPU.ActiveCfg = Debug|Any CPU
		{C134C1B0-466F-4795-8424-6DCCA7BC6567}.Debug|Any CPU.Build.0 = Debug|Any CPU
		{C134C1B0-466F-4795-8424-6DCCA7BC6567}.Debug|x64.ActiveCfg = Debug|Any CPU
		{C134C1B0-466F-4795-8424-6DCCA7BC6567}.Debug|x64.Build.0 = Debug|Any CPU
		{C134C1B0-466F-4795-8424-6DCCA7BC6567}.Debug|x86.ActiveCfg = Debug|Any CPU
		{C134C1B0-466F-4795-8424-6DCCA7BC6567}.Debug|x86.Build.0 = Debug|Any CPU
		{C134C1B0-466F-4795-8424-6DCCA7BC6567}.Release|Any CPU.ActiveCfg = Release|Any CPU
		{C134C1B0-466F-4795-8424-6DCCA7BC6567}.Release|Any CPU.Build.0 = Release|Any CPU
		{C134C1B0-466F-4795-8424-6DCCA7BC6567}.Release|x64.ActiveCfg = Release|Any CPU
		{C134C1B0-466F-4795-8424-6DCCA7BC6567}.Release|x64.Build.0 = Release|Any CPU
		{C134C1B0-466F-4795-8424-6DCCA7BC6567}.Release|x86.ActiveCfg = Release|Any CPU
		{C134C1B0-466F-4795-8424-6DCCA7BC6567}.Release|x86.Build.0 = Release|Any CPU
	EndGlobalSection
	GlobalSection(SolutionProperties) = preSolution
		HideSolutionNode = FALSE
	EndGlobalSection
	GlobalSection(NestedProjects) = preSolution
		{00146CE9-E73D-4805-9502-729C69439E43} = {97CAD4A5-C9C7-4073-AB6E-7118DEAD3312}
		{1CC04136-82EC-48BC-AD72-0C46D36E28B1} = {97CAD4A5-C9C7-4073-AB6E-7118DEAD3312}
		{D4707DF7-1161-4891-A205-0F6BBE17B96F} = {97CAD4A5-C9C7-4073-AB6E-7118DEAD3312}
		{046519B6-4D7F-404F-B76C-77C5D4C19799} = {2B3AE12C-2794-4B78-AEA5-973FF95ED158}
		{A930D230-6E28-411E-A0F9-4BCDD3ACBB86} = {2B3AE12C-2794-4B78-AEA5-973FF95ED158}
		{F6491E19-7D3E-4A8F-B2C1-5D26750D5B57} = {97CAD4A5-C9C7-4073-AB6E-7118DEAD3312}
		{48E18374-5830-4D40-98DE-4A7EB89364D5} = {2B3AE12C-2794-4B78-AEA5-973FF95ED158}
		{13BAFBB1-4EE9-4231-8599-15ACAA4FEDAB} = {2B3AE12C-2794-4B78-AEA5-973FF95ED158}
		{4D59DDBC-DB90-4BE1-B9BC-D2B654F83D36} = {13BAFBB1-4EE9-4231-8599-15ACAA4FEDAB}
		{D15894F2-1A43-4FEF-8E02-27E7C7E2E71E} = {13BAFBB1-4EE9-4231-8599-15ACAA4FEDAB}
		{EC3C77C5-2CF1-47AC-804C-0B43F8E2179E} = {13BAFBB1-4EE9-4231-8599-15ACAA4FEDAB}
		{3DEB30F7-58BB-47EC-BE75-44FB2F5C87C2} = {13BAFBB1-4EE9-4231-8599-15ACAA4FEDAB}
		{87548C5C-4888-40EA-96D3-7FD77D4DFA17} = {2B3AE12C-2794-4B78-AEA5-973FF95ED158}
		{C276C4AB-F91A-45C4-BF43-AD3165167E9E} = {87548C5C-4888-40EA-96D3-7FD77D4DFA17}
		{9882B464-6683-45B1-B0B6-3020E24DD612} = {87548C5C-4888-40EA-96D3-7FD77D4DFA17}
		{BCA2E533-9034-4B84-AEF2-A0FEFDFBC4F2} = {87548C5C-4888-40EA-96D3-7FD77D4DFA17}
		{C134C1B0-466F-4795-8424-6DCCA7BC6567} = {87548C5C-4888-40EA-96D3-7FD77D4DFA17}
	EndGlobalSection
	GlobalSection(ExtensibilityGlobals) = postSolution
		SolutionGuid = {F1DD639D-97CE-47F9-9AC6-B7138B56B1A1}
	EndGlobalSection
EndGlobal
